// !$*UTF8*$!
{
	archiveVersion = 1;
	classes = {
	};
	objectVersion = 46;
	objects = {

/* Begin PBXBuildFile section */
		970FB5EB1C69469200B4B65C /* main.m in Sources */ = {isa = PBXBuildFile; fileRef = 970FB5EA1C69469200B4B65C /* main.m */; };
		970FB5EE1C69469200B4B65C /* AppDelegate.mm in Sources */ = {isa = PBXBuildFile; fileRef = 970FB5ED1C69469200B4B65C /* AppDelegate.mm */; };
		970FB5F51C69469200B4B65C /* GameViewController.mm in Sources */ = {isa = PBXBuildFile; fileRef = 970FB5F41C69469200B4B65C /* GameViewController.mm */; };
		970FB5F81C69469200B4B65C /* Main.storyboard in Resources */ = {isa = PBXBuildFile; fileRef = 970FB5F61C69469200B4B65C /* Main.storyboard */; };
		970FB5FA1C69469200B4B65C /* Assets.xcassets in Resources */ = {isa = PBXBuildFile; fileRef = 970FB5F91C69469200B4B65C /* Assets.xcassets */; };
		970FB5FD1C69469200B4B65C /* LaunchScreen.storyboard in Resources */ = {isa = PBXBuildFile; fileRef = 970FB5FB1C69469200B4B65C /* LaunchScreen.storyboard */; };
		970FB6231C694FEC00B4B65C /* CoreGraphics.framework in Frameworks */ = {isa = PBXBuildFile; fileRef = 970FB6221C694FEC00B4B65C /* CoreGraphics.framework */; };
		970FB6251C694FF100B4B65C /* UIKit.framework in Frameworks */ = {isa = PBXBuildFile; fileRef = 970FB6241C694FF100B4B65C /* UIKit.framework */; };
		970FB6271C694FFE00B4B65C /* Foundation.framework in Frameworks */ = {isa = PBXBuildFile; fileRef = 970FB6261C694FFE00B4B65C /* Foundation.framework */; };
		97958E301C6977830090BE9F /* GLKit.framework in Frameworks */ = {isa = PBXBuildFile; fileRef = 97958E2F1C6977830090BE9F /* GLKit.framework */; };
/* End PBXBuildFile section */

/* Begin PBXFileReference section */
		970FB5E61C69469200B4B65C /* OPengine.app */ = {isa = PBXFileReference; explicitFileType = wrapper.application; includeInIndex = 0; path = OPengine.app; sourceTree = BUILT_PRODUCTS_DIR; };
		970FB5EA1C69469200B4B65C /* main.m */ = {isa = PBXFileReference; lastKnownFileType = sourcecode.c.objc; path = main.m; sourceTree = "<group>"; };
		970FB5EC1C69469200B4B65C /* AppDelegate.h */ = {isa = PBXFileReference; lastKnownFileType = sourcecode.c.h; path = AppDelegate.h; sourceTree = "<group>"; };
		970FB5ED1C69469200B4B65C /* AppDelegate.mm */ = {isa = PBXFileReference; lastKnownFileType = sourcecode.cpp.objcpp; path = AppDelegate.mm; sourceTree = "<group>"; };
		970FB5F31C69469200B4B65C /* GameViewController.h */ = {isa = PBXFileReference; lastKnownFileType = sourcecode.c.h; path = GameViewController.h; sourceTree = "<group>"; };
		970FB5F41C69469200B4B65C /* GameViewController.mm */ = {isa = PBXFileReference; explicitFileType = sourcecode.cpp.objcpp; path = GameViewController.mm; sourceTree = "<group>"; };
		970FB5F71C69469200B4B65C /* Base */ = {isa = PBXFileReference; lastKnownFileType = file.storyboard; name = Base; path = Base.lproj/Main.storyboard; sourceTree = "<group>"; };
		970FB5F91C69469200B4B65C /* Assets.xcassets */ = {isa = PBXFileReference; lastKnownFileType = folder.assetcatalog; path = Assets.xcassets; sourceTree = "<group>"; };
		970FB5FC1C69469200B4B65C /* Base */ = {isa = PBXFileReference; lastKnownFileType = file.storyboard; name = Base; path = Base.lproj/LaunchScreen.storyboard; sourceTree = "<group>"; };
		970FB5FE1C69469200B4B65C /* Info.plist */ = {isa = PBXFileReference; lastKnownFileType = text.plist.xml; path = Info.plist; sourceTree = "<group>"; };
		970FB6221C694FEC00B4B65C /* CoreGraphics.framework */ = {isa = PBXFileReference; lastKnownFileType = wrapper.framework; name = CoreGraphics.framework; path = System/Library/Frameworks/CoreGraphics.framework; sourceTree = SDKROOT; };
		970FB6241C694FF100B4B65C /* UIKit.framework */ = {isa = PBXFileReference; lastKnownFileType = wrapper.framework; name = UIKit.framework; path = System/Library/Frameworks/UIKit.framework; sourceTree = SDKROOT; };
		970FB6261C694FFE00B4B65C /* Foundation.framework */ = {isa = PBXFileReference; lastKnownFileType = wrapper.framework; name = Foundation.framework; path = System/Library/Frameworks/Foundation.framework; sourceTree = SDKROOT; };
		97958E2F1C6977830090BE9F /* GLKit.framework */ = {isa = PBXFileReference; lastKnownFileType = wrapper.framework; name = GLKit.framework; path = System/Library/Frameworks/GLKit.framework; sourceTree = SDKROOT; };
/* End PBXFileReference section */

/* Begin PBXFrameworksBuildPhase section */
		970FB5E31C69469200B4B65C /* Frameworks */ = {
			isa = PBXFrameworksBuildPhase;
			buildActionMask = 2147483647;
			files = (
				97958E301C6977830090BE9F /* GLKit.framework in Frameworks */,
				970FB6271C694FFE00B4B65C /* Foundation.framework in Frameworks */,
				970FB6251C694FF100B4B65C /* UIKit.framework in Frameworks */,
				970FB6231C694FEC00B4B65C /* CoreGraphics.framework in Frameworks */,
			);
			runOnlyForDeploymentPostprocessing = 0;
		};
/* End PBXFrameworksBuildPhase section */

/* Begin PBXGroup section */
		970FB5DD1C69469200B4B65C = {
			isa = PBXGroup;
			children = (
				97958E2F1C6977830090BE9F /* GLKit.framework */,
				970FB6261C694FFE00B4B65C /* Foundation.framework */,
				970FB6241C694FF100B4B65C /* UIKit.framework */,
				970FB6221C694FEC00B4B65C /* CoreGraphics.framework */,
				970FB5E81C69469200B4B65C /* OPengine */,
				970FB5E71C69469200B4B65C /* Products */,
			);
			sourceTree = "<group>";
		};
		970FB5E71C69469200B4B65C /* Products */ = {
			isa = PBXGroup;
			children = (
				970FB5E61C69469200B4B65C /* OPengine.app */,
			);
			name = Products;
			sourceTree = "<group>";
		};
		970FB5E81C69469200B4B65C /* OPengine */ = {
			isa = PBXGroup;
			children = (
				970FB5EC1C69469200B4B65C /* AppDelegate.h */,
				970FB5ED1C69469200B4B65C /* AppDelegate.mm */,
				970FB5F31C69469200B4B65C /* GameViewController.h */,
				970FB5F41C69469200B4B65C /* GameViewController.mm */,
				970FB5F61C69469200B4B65C /* Main.storyboard */,
				970FB5F91C69469200B4B65C /* Assets.xcassets */,
				970FB5FB1C69469200B4B65C /* LaunchScreen.storyboard */,
				970FB5FE1C69469200B4B65C /* Info.plist */,
				970FB5E91C69469200B4B65C /* Supporting Files */,
			);
			path = OPengine;
			sourceTree = "<group>";
		};
		970FB5E91C69469200B4B65C /* Supporting Files */ = {
			isa = PBXGroup;
			children = (
				970FB5EA1C69469200B4B65C /* main.m */,
			);
			name = "Supporting Files";
			sourceTree = "<group>";
		};
/* End PBXGroup section */

/* Begin PBXNativeTarget section */
		970FB5E51C69469200B4B65C /* OPengine */ = {
			isa = PBXNativeTarget;
			buildConfigurationList = 970FB6171C69469200B4B65C /* Build configuration list for PBXNativeTarget "OPengine" */;
			buildPhases = (
				970FB5E21C69469200B4B65C /* Sources */,
				970FB5E31C69469200B4B65C /* Frameworks */,
				970FB5E41C69469200B4B65C /* Resources */,
			);
			buildRules = (
			);
			dependencies = (
			);
			name = OPengine;
			productName = OPengine;
			productReference = 970FB5E61C69469200B4B65C /* OPengine.app */;
			productType = "com.apple.product-type.application";
		};
/* End PBXNativeTarget section */

/* Begin PBXProject section */
		970FB5DE1C69469200B4B65C /* Project object */ = {
			isa = PBXProject;
			attributes = {
				LastUpgradeCheck = 0720;
				ORGANIZATIONNAME = "Garrett Hoofman";
				TargetAttributes = {
					970FB5E51C69469200B4B65C = {
						CreatedOnToolsVersion = 7.2.1;
					};
				};
			};
			buildConfigurationList = 970FB5E11C69469200B4B65C /* Build configuration list for PBXProject "SOURCE" */;
			compatibilityVersion = "Xcode 3.2";
			developmentRegion = English;
			hasScannedForEncodings = 0;
			knownRegions = (
				en,
				Base,
			);
			mainGroup = 970FB5DD1C69469200B4B65C;
			productRefGroup = 970FB5E71C69469200B4B65C /* Products */;
			projectDirPath = "";
			projectRoot = "";
			targets = (
				970FB5E51C69469200B4B65C /* OPengine */,
			);
		};
/* End PBXProject section */

/* Begin PBXResourcesBuildPhase section */
		970FB5E41C69469200B4B65C /* Resources */ = {
			isa = PBXResourcesBuildPhase;
			buildActionMask = 2147483647;
			files = (
				970FB5F81C69469200B4B65C /* Main.storyboard in Resources */,
				970FB5FA1C69469200B4B65C /* Assets.xcassets in Resources */,
				970FB5FD1C69469200B4B65C /* LaunchScreen.storyboard in Resources */,
			);
			runOnlyForDeploymentPostprocessing = 0;
		};
/* End PBXResourcesBuildPhase section */

/* Begin PBXSourcesBuildPhase section */
		970FB5E21C69469200B4B65C /* Sources */ = {
			isa = PBXSourcesBuildPhase;
			buildActionMask = 2147483647;
			files = (
				970FB5EE1C69469200B4B65C /* AppDelegate.mm in Sources */,
				970FB5F51C69469200B4B65C /* GameViewController.mm in Sources */,
				970FB5EB1C69469200B4B65C /* main.m in Sources */,
			);
			runOnlyForDeploymentPostprocessing = 0;
		};
/* End PBXSourcesBuildPhase section */

/* Begin PBXVariantGroup section */
		970FB5F61C69469200B4B65C /* Main.storyboard */ = {
			isa = PBXVariantGroup;
			children = (
				970FB5F71C69469200B4B65C /* Base */,
			);
			name = Main.storyboard;
			sourceTree = "<group>";
		};
		970FB5FB1C69469200B4B65C /* LaunchScreen.storyboard */ = {
			isa = PBXVariantGroup;
			children = (
				970FB5FC1C69469200B4B65C /* Base */,
			);
			name = LaunchScreen.storyboard;
			sourceTree = "<group>";
		};
/* End PBXVariantGroup section */

/* Begin XCBuildConfiguration section */
		970FB6151C69469200B4B65C /* Debug */ = {
			isa = XCBuildConfiguration;
			buildSettings = {
				ALWAYS_SEARCH_USER_PATHS = NO;
				CLANG_CXX_LANGUAGE_STANDARD = "gnu++0x";
				CLANG_CXX_LIBRARY = "libc++";
				CLANG_ENABLE_MODULES = YES;
				CLANG_ENABLE_OBJC_ARC = YES;
				CLANG_WARN_BOOL_CONVERSION = YES;
				CLANG_WARN_CONSTANT_CONVERSION = YES;
				CLANG_WARN_DIRECT_OBJC_ISA_USAGE = YES_ERROR;
				CLANG_WARN_EMPTY_BODY = YES;
				CLANG_WARN_ENUM_CONVERSION = YES;
				CLANG_WARN_INT_CONVERSION = YES;
				CLANG_WARN_OBJC_ROOT_CLASS = YES_ERROR;
				CLANG_WARN_UNREACHABLE_CODE = YES;
				CLANG_WARN__DUPLICATE_METHOD_MATCH = YES;
				"CODE_SIGN_IDENTITY[sdk=iphoneos*]" = "iPhone Developer";
				COPY_PHASE_STRIP = NO;
				DEBUG_INFORMATION_FORMAT = "dwarf-with-dsym";
				ENABLE_STRICT_OBJC_MSGSEND = YES;
				ENABLE_TESTABILITY = YES;
				GCC_C_LANGUAGE_STANDARD = gnu99;
				GCC_DYNAMIC_NO_PIC = NO;
				GCC_NO_COMMON_BLOCKS = YES;
				GCC_OPTIMIZATION_LEVEL = 0;
				GCC_PREPROCESSOR_DEFINITIONS = (
					"DEBUG=1",
					"$(inherited)",
				);
				GCC_WARN_64_TO_32_BIT_CONVERSION = YES;
				GCC_WARN_ABOUT_RETURN_TYPE = YES_ERROR;
				GCC_WARN_UNDECLARED_SELECTOR = YES;
				GCC_WARN_UNINITIALIZED_AUTOS = YES_AGGRESSIVE;
				GCC_WARN_UNUSED_FUNCTION = YES;
				GCC_WARN_UNUSED_VARIABLE = YES;
				IPHONEOS_DEPLOYMENT_TARGET = 9.2;
				MTL_ENABLE_DEBUG_INFO = YES;
				ONLY_ACTIVE_ARCH = YES;
				SDKROOT = iphoneos;
				TARGETED_DEVICE_FAMILY = "1,2";
			};
			name = Debug;
		};
		970FB6161C69469200B4B65C /* Release */ = {
			isa = XCBuildConfiguration;
			buildSettings = {
				ALWAYS_SEARCH_USER_PATHS = NO;
				CLANG_CXX_LANGUAGE_STANDARD = "gnu++0x";
				CLANG_CXX_LIBRARY = "libc++";
				CLANG_ENABLE_MODULES = YES;
				CLANG_ENABLE_OBJC_ARC = YES;
				CLANG_WARN_BOOL_CONVERSION = YES;
				CLANG_WARN_CONSTANT_CONVERSION = YES;
				CLANG_WARN_DIRECT_OBJC_ISA_USAGE = YES_ERROR;
				CLANG_WARN_EMPTY_BODY = YES;
				CLANG_WARN_ENUM_CONVERSION = YES;
				CLANG_WARN_INT_CONVERSION = YES;
				CLANG_WARN_OBJC_ROOT_CLASS = YES_ERROR;
				CLANG_WARN_UNREACHABLE_CODE = YES;
				CLANG_WARN__DUPLICATE_METHOD_MATCH = YES;
				"CODE_SIGN_IDENTITY[sdk=iphoneos*]" = "iPhone Developer";
				COPY_PHASE_STRIP = NO;
				DEBUG_INFORMATION_FORMAT = "dwarf-with-dsym";
				ENABLE_NS_ASSERTIONS = NO;
				ENABLE_STRICT_OBJC_MSGSEND = YES;
				GCC_C_LANGUAGE_STANDARD = gnu99;
				GCC_NO_COMMON_BLOCKS = YES;
				GCC_WARN_64_TO_32_BIT_CONVERSION = YES;
				GCC_WARN_ABOUT_RETURN_TYPE = YES_ERROR;
				GCC_WARN_UNDECLARED_SELECTOR = YES;
				GCC_WARN_UNINITIALIZED_AUTOS = YES_AGGRESSIVE;
				GCC_WARN_UNUSED_FUNCTION = YES;
				GCC_WARN_UNUSED_VARIABLE = YES;
				IPHONEOS_DEPLOYMENT_TARGET = 9.2;
				MTL_ENABLE_DEBUG_INFO = NO;
				SDKROOT = iphoneos;
				TARGETED_DEVICE_FAMILY = "1,2";
				VALIDATE_PRODUCT = YES;
			};
			name = Release;
		};
		970FB6181C69469200B4B65C /* Debug */ = {
			isa = XCBuildConfiguration;
			buildSettings = {
				ASSETCATALOG_COMPILER_APPICON_NAME = AppIcon;
				FRAMEWORK_SEARCH_PATHS = "";
				GCC_PREPROCESSOR_DEFINITIONS = (
					OPIFEX_OPENGL_ES_2,
					OPIFEX_IOS,
				);
				INFOPLIST_FILE = OPengine/Info.plist;
				LD_RUNPATH_SEARCH_PATHS = "$(inherited) @executable_path/Frameworks";
				LIBRARY_SEARCH_PATHS = "/Users/garretthoofman/.opengine/build/opengine_08c61120-44e7-4e5c-996d-88f7ec0875a6_build/Binaries/ios/debug";
				PRODUCT_BUNDLE_IDENTIFIER = teamopifex.OPengine;
				PRODUCT_NAME = "$(TARGET_NAME)";
				USER_HEADER_SEARCH_PATHS = "";
			};
			name = Debug;
		};
		970FB6191C69469200B4B65C /* Release */ = {
			isa = XCBuildConfiguration;
			buildSettings = {
				ASSETCATALOG_COMPILER_APPICON_NAME = AppIcon;
				FRAMEWORK_SEARCH_PATHS = "";
				GCC_PREPROCESSOR_DEFINITIONS = (
					OPIFEX_OPENGL_ES_2,
					OPIFEX_IOS,
				);
				INFOPLIST_FILE = OPengine/Info.plist;
				LD_RUNPATH_SEARCH_PATHS = "$(inherited) @executable_path/Frameworks";
				LIBRARY_SEARCH_PATHS = "/Users/garretthoofman/.opengine/build/opengine_08c61120-44e7-4e5c-996d-88f7ec0875a6_build/Binaries/ios/debug";
				PRODUCT_BUNDLE_IDENTIFIER = teamopifex.OPengine;
				PRODUCT_NAME = "$(TARGET_NAME)";
			};
			name = Release;
		};
/* End XCBuildConfiguration section */

/* Begin XCConfigurationList section */
		970FB5E11C69469200B4B65C /* Build configuration list for PBXProject "SOURCE" */ = {
			isa = XCConfigurationList;
			buildConfigurations = (
				970FB6151C69469200B4B65C /* Debug */,
				970FB6161C69469200B4B65C /* Release */,
			);
			defaultConfigurationIsVisible = 0;
			defaultConfigurationName = Release;
		};
		970FB6171C69469200B4B65C /* Build configuration list for PBXNativeTarget "OPengine" */ = {
			isa = XCConfigurationList;
			buildConfigurations = (
				970FB6181C69469200B4B65C /* Debug */,
				970FB6191C69469200B4B65C /* Release */,
			);
			defaultConfigurationIsVisible = 0;
			defaultConfigurationName = Release;
		};
/* End XCConfigurationList section */
	};
	rootObject = 970FB5DE1C69469200B4B65C /* Project object */;
}
